
Microsoft Visual Studio Solution File, Format Version 12.00
# Visual Studio 2013
VisualStudioVersion = 12.0.21005.1
MinimumVisualStudioVersion = 10.0.40219.1
Project("{FAE04EC0-301F-11D3-BF4B-00C04F79EFBC}") = "IvanovWebsite", "IvanovWebsite\IvanovWebsite.csproj", "{7A6D071D-CF09-439F-820F-9CC7130BCBE4}"
EndProject
Project("{FAE04EC0-301F-11D3-BF4B-00C04F79EFBC}") = "Core", "Core\Core.csproj", "{6A45A4E4-59C0-4538-AADE-8C115DC7588A}"
EndProject
Global
	GlobalSection(SolutionConfigurationPlatforms) = preSolution
		Debug|Any CPU = Debug|Any CPU
		Release|Any CPU = Release|Any CPU
	EndGlobalSection
	GlobalSection(ProjectConfigurationPlatforms) = postSolution
		{7A6D071D-CF09-439F-820F-9CC7130BCBE4}.Debug|Any CPU.ActiveCfg = Debug|Any CPU
		{7A6D071D-CF09-439F-820F-9CC7130BCBE4}.Debug|Any CPU.Build.0 = Debug|Any CPU
		{7A6D071D-CF09-439F-820F-9CC7130BCBE4}.Release|Any CPU.ActiveCfg = Release|Any CPU
		{7A6D071D-CF09-439F-820F-9CC7130BCBE4}.Release|Any CPU.Build.0 = Release|Any CPU
		{6A45A4E4-59C0-4538-AADE-8C115DC7588A}.Debug|Any CPU.ActiveCfg = Debug|Any CPU
		{6A45A4E4-59C0-4538-AADE-8C115DC7588A}.Debug|Any CPU.Build.0 = Debug|Any CPU
		{6A45A4E4-59C0-4538-AADE-8C115DC7588A}.Release|Any CPU.ActiveCfg = Release|Any CPU
		{6A45A4E4-59C0-4538-AADE-8C115DC7588A}.Release|Any CPU.Build.0 = Release|Any CPU
	EndGlobalSection
	GlobalSection(SolutionProperties) = preSolution
		HideSolutionNode = FALSE
	EndGlobalSection
EndGlobal
